// !$*UTF8*$!
{
	archiveVersion = 1;
	classes = {
	};
	objectVersion = 46;
	objects = {

/* Begin PBXBuildFile section */
		D38307551C9A54120028D73A /* WeatherUI.framework in Frameworks */ = {isa = PBXBuildFile; fileRef = D38307541C9A54120028D73A /* WeatherUI.framework */; };
		D38307571C9A54150028D73A /* BluetoothManager.framework in Frameworks */ = {isa = PBXBuildFile; fileRef = D38307561C9A54150028D73A /* BluetoothManager.framework */; };
		D38307591C9A57390028D73A /* Weather.framework in Frameworks */ = {isa = PBXBuildFile; fileRef = D38307581C9A57390028D73A /* Weather.framework */; };
		D39E739E1C9C061C00530B3F /* NSObject+methods.m in Sources */ = {isa = PBXBuildFile; fileRef = D39E739D1C9C061C00530B3F /* NSObject+methods.m */; };
		D39E73A41C9C08C700530B3F /* PrivateListTableViewController.m in Sources */ = {isa = PBXBuildFile; fileRef = D39E73A31C9C08C700530B3F /* PrivateListTableViewController.m */; };
		D39E73A71C9C091200530B3F /* BleViewController.m in Sources */ = {isa = PBXBuildFile; fileRef = D39E73A61C9C091200530B3F /* BleViewController.m */; };
		D39E73AA1C9C0B4200530B3F /* FTServicesTableViewController.m in Sources */ = {isa = PBXBuildFile; fileRef = D39E73A91C9C0B4200530B3F /* FTServicesTableViewController.m */; };
		D39E73AF1C9C22C800530B3F /* LSApplicationWorkspaceTableViewController.m in Sources */ = {isa = PBXBuildFile; fileRef = D39E73AE1C9C22C800530B3F /* LSApplicationWorkspaceTableViewController.m */; };
		D3EE66341C999164003671D4 /* main.m in Sources */ = {isa = PBXBuildFile; fileRef = D3EE66331C999164003671D4 /* main.m */; };
		D3EE66371C999164003671D4 /* AppDelegate.m in Sources */ = {isa = PBXBuildFile; fileRef = D3EE66361C999164003671D4 /* AppDelegate.m */; };
		D3EE663A1C999164003671D4 /* WeatherViewController.m in Sources */ = {isa = PBXBuildFile; fileRef = D3EE66391C999164003671D4 /* WeatherViewController.m */; };
		D3EE663D1C999164003671D4 /* Main.storyboard in Resources */ = {isa = PBXBuildFile; fileRef = D3EE663B1C999164003671D4 /* Main.storyboard */; };
		D3EE663F1C999164003671D4 /* Assets.xcassets in Resources */ = {isa = PBXBuildFile; fileRef = D3EE663E1C999164003671D4 /* Assets.xcassets */; };
		D3EE66421C999164003671D4 /* LaunchScreen.storyboard in Resources */ = {isa = PBXBuildFile; fileRef = D3EE66401C999164003671D4 /* LaunchScreen.storyboard */; };
		D3EE664D1C999403003671D4 /* CoreFoundation.framework in Frameworks */ = {isa = PBXBuildFile; fileRef = D3EE664C1C999403003671D4 /* CoreFoundation.framework */; };
/* End PBXBuildFile section */

/* Begin PBXFileReference section */
		D38307541C9A54120028D73A /* WeatherUI.framework */ = {isa = PBXFileReference; lastKnownFileType = wrapper.framework; name = WeatherUI.framework; path = testBle/WeatherUI.framework; sourceTree = "<group>"; };
		D38307561C9A54150028D73A /* BluetoothManager.framework */ = {isa = PBXFileReference; lastKnownFileType = wrapper.framework; name = BluetoothManager.framework; path = testBle/BluetoothManager.framework; sourceTree = "<group>"; };
		D38307581C9A57390028D73A /* Weather.framework */ = {isa = PBXFileReference; lastKnownFileType = wrapper.framework; name = Weather.framework; path = testBle/Weather.framework; sourceTree = "<group>"; };
		D39E739C1C9C061C00530B3F /* NSObject+methods.h */ = {isa = PBXFileReference; fileEncoding = 4; lastKnownFileType = sourcecode.c.h; path = "NSObject+methods.h"; sourceTree = "<group>"; };
		D39E739D1C9C061C00530B3F /* NSObject+methods.m */ = {isa = PBXFileReference; fileEncoding = 4; lastKnownFileType = sourcecode.c.objc; path = "NSObject+methods.m"; sourceTree = "<group>"; };
		D39E73A21C9C08C700530B3F /* PrivateListTableViewController.h */ = {isa = PBXFileReference; fileEncoding = 4; lastKnownFileType = sourcecode.c.h; path = PrivateListTableViewController.h; sourceTree = "<group>"; };
		D39E73A31C9C08C700530B3F /* PrivateListTableViewController.m */ = {isa = PBXFileReference; fileEncoding = 4; lastKnownFileType = sourcecode.c.objc; path = PrivateListTableViewController.m; sourceTree = "<group>"; };
		D39E73A51C9C091200530B3F /* BleViewController.h */ = {isa = PBXFileReference; fileEncoding = 4; lastKnownFileType = sourcecode.c.h; path = BleViewController.h; sourceTree = "<group>"; };
		D39E73A61C9C091200530B3F /* BleViewController.m */ = {isa = PBXFileReference; fileEncoding = 4; lastKnownFileType = sourcecode.c.objc; path = BleViewController.m; sourceTree = "<group>"; };
		D39E73A81C9C0B4200530B3F /* FTServicesTableViewController.h */ = {isa = PBXFileReference; fileEncoding = 4; lastKnownFileType = sourcecode.c.h; path = FTServicesTableViewController.h; sourceTree = "<group>"; };
		D39E73A91C9C0B4200530B3F /* FTServicesTableViewController.m */ = {isa = PBXFileReference; fileEncoding = 4; lastKnownFileType = sourcecode.c.objc; path = FTServicesTableViewController.m; sourceTree = "<group>"; };
		D39E73AD1C9C22C800530B3F /* LSApplicationWorkspaceTableViewController.h */ = {isa = PBXFileReference; fileEncoding = 4; lastKnownFileType = sourcecode.c.h; path = LSApplicationWorkspaceTableViewController.h; sourceTree = "<group>"; };
		D39E73AE1C9C22C800530B3F /* LSApplicationWorkspaceTableViewController.m */ = {isa = PBXFileReference; fileEncoding = 4; lastKnownFileType = sourcecode.c.objc; path = LSApplicationWorkspaceTableViewController.m; sourceTree = "<group>"; };
		D3A097C61C9C466F00EE185A /* LSApplicationProxy.h */ = {isa = PBXFileReference; lastKnownFileType = sourcecode.c.h; path = LSApplicationProxy.h; sourceTree = "<group>"; };
		D3EE662F1C999164003671D4 /* PrivateTest.app */ = {isa = PBXFileReference; explicitFileType = wrapper.application; includeInIndex = 0; path = PrivateTest.app; sourceTree = BUILT_PRODUCTS_DIR; };
		D3EE66331C999164003671D4 /* main.m */ = {isa = PBXFileReference; lastKnownFileType = sourcecode.c.objc; path = main.m; sourceTree = "<group>"; };
		D3EE66351C999164003671D4 /* AppDelegate.h */ = {isa = PBXFileReference; lastKnownFileType = sourcecode.c.h; path = AppDelegate.h; sourceTree = "<group>"; };
		D3EE66361C999164003671D4 /* AppDelegate.m */ = {isa = PBXFileReference; lastKnownFileType = sourcecode.c.objc; path = AppDelegate.m; sourceTree = "<group>"; };
		D3EE66381C999164003671D4 /* WeatherViewController.h */ = {isa = PBXFileReference; lastKnownFileType = sourcecode.c.h; path = WeatherViewController.h; sourceTree = "<group>"; };
		D3EE66391C999164003671D4 /* WeatherViewController.m */ = {isa = PBXFileReference; lastKnownFileType = sourcecode.c.objc; path = WeatherViewController.m; sourceTree = "<group>"; };
		D3EE663C1C999164003671D4 /* Base */ = {isa = PBXFileReference; lastKnownFileType = file.storyboard; name = Base; path = Base.lproj/Main.storyboard; sourceTree = "<group>"; };
		D3EE663E1C999164003671D4 /* Assets.xcassets */ = {isa = PBXFileReference; lastKnownFileType = folder.assetcatalog; path = Assets.xcassets; sourceTree = "<group>"; };
		D3EE66411C999164003671D4 /* Base */ = {isa = PBXFileReference; lastKnownFileType = file.storyboard; name = Base; path = Base.lproj/LaunchScreen.storyboard; sourceTree = "<group>"; };
		D3EE66431C999164003671D4 /* Info.plist */ = {isa = PBXFileReference; lastKnownFileType = text.plist.xml; path = Info.plist; sourceTree = "<group>"; };
		D3EE66491C999175003671D4 /* BluetoothDevice.h */ = {isa = PBXFileReference; lastKnownFileType = sourcecode.c.h; path = BluetoothDevice.h; sourceTree = "<group>"; };
		D3EE664A1C99925B003671D4 /* RemoteDeviceManager.h */ = {isa = PBXFileReference; lastKnownFileType = sourcecode.c.h; path = RemoteDeviceManager.h; sourceTree = "<group>"; };
		D3EE664B1C9992AF003671D4 /* BluetoothManager.h */ = {isa = PBXFileReference; lastKnownFileType = sourcecode.c.h; path = BluetoothManager.h; sourceTree = "<group>"; };
		D3EE664C1C999403003671D4 /* CoreFoundation.framework */ = {isa = PBXFileReference; lastKnownFileType = wrapper.framework; name = CoreFoundation.framework; path = System/Library/Frameworks/CoreFoundation.framework; sourceTree = SDKROOT; };
/* End PBXFileReference section */

/* Begin PBXFrameworksBuildPhase section */
		D3EE662C1C999164003671D4 /* Frameworks */ = {
			isa = PBXFrameworksBuildPhase;
			buildActionMask = 2147483647;
			files = (
				D38307591C9A57390028D73A /* Weather.framework in Frameworks */,
				D3EE664D1C999403003671D4 /* CoreFoundation.framework in Frameworks */,
				D38307551C9A54120028D73A /* WeatherUI.framework in Frameworks */,
				D38307571C9A54150028D73A /* BluetoothManager.framework in Frameworks */,
			);
			runOnlyForDeploymentPostprocessing = 0;
		};
/* End PBXFrameworksBuildPhase section */

/* Begin PBXGroup section */
		D39E739B1C9C010800530B3F /* FrameWork */ = {
			isa = PBXGroup;
			children = (
				D3EE664C1C999403003671D4 /* CoreFoundation.framework */,
				D38307581C9A57390028D73A /* Weather.framework */,
				D38307561C9A54150028D73A /* BluetoothManager.framework */,
				D38307541C9A54120028D73A /* WeatherUI.framework */,
			);
			name = FrameWork;
			sourceTree = "<group>";
		};
		D3EE66261C999164003671D4 = {
			isa = PBXGroup;
			children = (
				D3EE66311C999164003671D4 /* testBle */,
				D39E739B1C9C010800530B3F /* FrameWork */,
				D3EE66301C999164003671D4 /* Products */,
			);
			sourceTree = "<group>";
		};
		D3EE66301C999164003671D4 /* Products */ = {
			isa = PBXGroup;
			children = (
				D3EE662F1C999164003671D4 /* PrivateTest.app */,
			);
			name = Products;
			sourceTree = "<group>";
		};
		D3EE66311C999164003671D4 /* testBle */ = {
			isa = PBXGroup;
			children = (
				D3EE663B1C999164003671D4 /* Main.storyboard */,
				D3EE663E1C999164003671D4 /* Assets.xcassets */,
				D39E73A21C9C08C700530B3F /* PrivateListTableViewController.h */,
				D39E73A31C9C08C700530B3F /* PrivateListTableViewController.m */,
				D3EE66321C999164003671D4 /* Supporting Files */,
				D3EE66491C999175003671D4 /* BluetoothDevice.h */,
				D3EE664A1C99925B003671D4 /* RemoteDeviceManager.h */,
				D3EE664B1C9992AF003671D4 /* BluetoothManager.h */,
				D39E739C1C9C061C00530B3F /* NSObject+methods.h */,
				D39E739D1C9C061C00530B3F /* NSObject+methods.m */,
				D39E73A51C9C091200530B3F /* BleViewController.h */,
				D39E73A61C9C091200530B3F /* BleViewController.m */,
				D39E73A81C9C0B4200530B3F /* FTServicesTableViewController.h */,
				D39E73A91C9C0B4200530B3F /* FTServicesTableViewController.m */,
				D3EE66381C999164003671D4 /* WeatherViewController.h */,
				D3EE66391C999164003671D4 /* WeatherViewController.m */,
				D3A097C61C9C466F00EE185A /* LSApplicationProxy.h */,
				D39E73AD1C9C22C800530B3F /* LSApplicationWorkspaceTableViewController.h */,
				D39E73AE1C9C22C800530B3F /* LSApplicationWorkspaceTableViewController.m */,
			);
			path = testBle;
			sourceTree = "<group>";
		};
		D3EE66321C999164003671D4 /* Supporting Files */ = {
			isa = PBXGroup;
			children = (
				D3EE66351C999164003671D4 /* AppDelegate.h */,
				D3EE66361C999164003671D4 /* AppDelegate.m */,
				D3EE66431C999164003671D4 /* Info.plist */,
				D3EE66401C999164003671D4 /* LaunchScreen.storyboard */,
				D3EE66331C999164003671D4 /* main.m */,
			);
			name = "Supporting Files";
			sourceTree = "<group>";
		};
/* End PBXGroup section */

/* Begin PBXNativeTarget section */
		D3EE662E1C999164003671D4 /* PrivateTest */ = {
			isa = PBXNativeTarget;
			buildConfigurationList = D3EE66461C999164003671D4 /* Build configuration list for PBXNativeTarget "PrivateTest" */;
			buildPhases = (
				D3EE662B1C999164003671D4 /* Sources */,
				D3EE662C1C999164003671D4 /* Frameworks */,
				D3EE662D1C999164003671D4 /* Resources */,
			);
			buildRules = (
			);
			dependencies = (
			);
			name = PrivateTest;
			productName = testBle;
			productReference = D3EE662F1C999164003671D4 /* PrivateTest.app */;
			productType = "com.apple.product-type.application";
		};
/* End PBXNativeTarget section */

/* Begin PBXProject section */
		D3EE66271C999164003671D4 /* Project object */ = {
			isa = PBXProject;
			attributes = {
				LastUpgradeCheck = 0720;
				ORGANIZATIONNAME = "刘向宏";
				TargetAttributes = {
					D3EE662E1C999164003671D4 = {
						CreatedOnToolsVersion = 7.2.1;
					};
				};
			};
			buildConfigurationList = D3EE662A1C999164003671D4 /* Build configuration list for PBXProject "PrivateTest" */;
			compatibilityVersion = "Xcode 3.2";
			developmentRegion = English;
			hasScannedForEncodings = 0;
			knownRegions = (
				en,
				Base,
			);
			mainGroup = D3EE66261C999164003671D4;
			productRefGroup = D3EE66301C999164003671D4 /* Products */;
			projectDirPath = "";
			projectRoot = "";
			targets = (
				D3EE662E1C999164003671D4 /* PrivateTest */,
			);
		};
/* End PBXProject section */

/* Begin PBXResourcesBuildPhase section */
		D3EE662D1C999164003671D4 /* Resources */ = {
			isa = PBXResourcesBuildPhase;
			buildActionMask = 2147483647;
			files = (
				D3EE66421C999164003671D4 /* LaunchScreen.storyboard in Resources */,
				D3EE663F1C999164003671D4 /* Assets.xcassets in Resources */,
				D3EE663D1C999164003671D4 /* Main.storyboard in Resources */,
			);
			runOnlyForDeploymentPostprocessing = 0;
		};
/* End PBXResourcesBuildPhase section */

/* Begin PBXSourcesBuildPhase section */
		D3EE662B1C999164003671D4 /* Sources */ = {
			isa = PBXSourcesBuildPhase;
			buildActionMask = 2147483647;
			files = (
				D3EE663A1C999164003671D4 /* WeatherViewController.m in Sources */,
				D39E73AF1C9C22C800530B3F /* LSApplicationWorkspaceTableViewController.m in Sources */,
				D39E739E1C9C061C00530B3F /* NSObject+methods.m in Sources */,
				D39E73A71C9C091200530B3F /* BleViewController.m in Sources */,
				D3EE66371C999164003671D4 /* AppDelegate.m in Sources */,
				D3EE66341C999164003671D4 /* main.m in Sources */,
				D39E73A41C9C08C700530B3F /* PrivateListTableViewController.m in Sources */,
				D39E73AA1C9C0B4200530B3F /* FTServicesTableViewController.m in Sources */,
			);
			runOnlyForDeploymentPostprocessing = 0;
		};
/* End PBXSourcesBuildPhase section */

/* Begin PBXVariantGroup section */
		D3EE663B1C999164003671D4 /* Main.storyboard */ = {
			isa = PBXVariantGroup;
			children = (
				D3EE663C1C999164003671D4 /* Base */,
			);
			name = Main.storyboard;
			sourceTree = "<group>";
		};
		D3EE66401C999164003671D4 /* LaunchScreen.storyboard */ = {
			isa = PBXVariantGroup;
			children = (
				D3EE66411C999164003671D4 /* Base */,
			);
			name = LaunchScreen.storyboard;
			sourceTree = "<group>";
		};
/* End PBXVariantGroup section */

/* Begin XCBuildConfiguration section */
		D3EE66441C999164003671D4 /* Debug */ = {
			isa = XCBuildConfiguration;
			buildSettings = {
				ALWAYS_SEARCH_USER_PATHS = NO;
				CLANG_CXX_LANGUAGE_STANDARD = "gnu++0x";
				CLANG_CXX_LIBRARY = "libc++";
				CLANG_ENABLE_MODULES = YES;
				CLANG_ENABLE_OBJC_ARC = YES;
				CLANG_WARN_BOOL_CONVERSION = YES;
				CLANG_WARN_CONSTANT_CONVERSION = YES;
				CLANG_WARN_DIRECT_OBJC_ISA_USAGE = YES_ERROR;
				CLANG_WARN_EMPTY_BODY = YES;
				CLANG_WARN_ENUM_CONVERSION = YES;
				CLANG_WARN_INT_CONVERSION = YES;
				CLANG_WARN_OBJC_ROOT_CLASS = YES_ERROR;
				CLANG_WARN_UNREACHABLE_CODE = YES;
				CLANG_WARN__DUPLICATE_METHOD_MATCH = YES;
				"CODE_SIGN_IDENTITY[sdk=iphoneos*]" = "iPhone Developer";
				COPY_PHASE_STRIP = NO;
				DEBUG_INFORMATION_FORMAT = dwarf;
				ENABLE_STRICT_OBJC_MSGSEND = YES;
				ENABLE_TESTABILITY = YES;
				GCC_C_LANGUAGE_STANDARD = gnu99;
				GCC_DYNAMIC_NO_PIC = NO;
				GCC_NO_COMMON_BLOCKS = YES;
				GCC_OPTIMIZATION_LEVEL = 0;
				GCC_PREPROCESSOR_DEFINITIONS = (
					"DEBUG=1",
					"$(inherited)",
				);
				GCC_WARN_64_TO_32_BIT_CONVERSION = YES;
				GCC_WARN_ABOUT_RETURN_TYPE = YES_ERROR;
				GCC_WARN_UNDECLARED_SELECTOR = YES;
				GCC_WARN_UNINITIALIZED_AUTOS = YES_AGGRESSIVE;
				GCC_WARN_UNUSED_FUNCTION = YES;
				GCC_WARN_UNUSED_VARIABLE = YES;
				IPHONEOS_DEPLOYMENT_TARGET = 9.2;
				MTL_ENABLE_DEBUG_INFO = YES;
				ONLY_ACTIVE_ARCH = YES;
				SDKROOT = iphoneos;
			};
			name = Debug;
		};
		D3EE66451C999164003671D4 /* Release */ = {
			isa = XCBuildConfiguration;
			buildSettings = {
				ALWAYS_SEARCH_USER_PATHS = NO;
				CLANG_CXX_LANGUAGE_STANDARD = "gnu++0x";
				CLANG_CXX_LIBRARY = "libc++";
				CLANG_ENABLE_MODULES = YES;
				CLANG_ENABLE_OBJC_ARC = YES;
				CLANG_WARN_BOOL_CONVERSION = YES;
				CLANG_WARN_CONSTANT_CONVERSION = YES;
				CLANG_WARN_DIRECT_OBJC_ISA_USAGE = YES_ERROR;
				CLANG_WARN_EMPTY_BODY = YES;
				CLANG_WARN_ENUM_CONVERSION = YES;
				CLANG_WARN_INT_CONVERSION = YES;
				CLANG_WARN_OBJC_ROOT_CLASS = YES_ERROR;
				CLANG_WARN_UNREACHABLE_CODE = YES;
				CLANG_WARN__DUPLICATE_METHOD_MATCH = YES;
				"CODE_SIGN_IDENTITY[sdk=iphoneos*]" = "iPhone Developer";
				COPY_PHASE_STRIP = NO;
				DEBUG_INFORMATION_FORMAT = "dwarf-with-dsym";
				ENABLE_NS_ASSERTIONS = NO;
				ENABLE_STRICT_OBJC_MSGSEND = YES;
				GCC_C_LANGUAGE_STANDARD = gnu99;
				GCC_NO_COMMON_BLOCKS = YES;
				GCC_WARN_64_TO_32_BIT_CONVERSION = YES;
				GCC_WARN_ABOUT_RETURN_TYPE = YES_ERROR;
				GCC_WARN_UNDECLARED_SELECTOR = YES;
				GCC_WARN_UNINITIALIZED_AUTOS = YES_AGGRESSIVE;
				GCC_WARN_UNUSED_FUNCTION = YES;
				GCC_WARN_UNUSED_VARIABLE = YES;
				IPHONEOS_DEPLOYMENT_TARGET = 9.2;
				MTL_ENABLE_DEBUG_INFO = NO;
				SDKROOT = iphoneos;
				VALIDATE_PRODUCT = YES;
			};
			name = Release;
		};
		D3EE66471C999164003671D4 /* Debug */ = {
			isa = XCBuildConfiguration;
			buildSettings = {
				ASSETCATALOG_COMPILER_APPICON_NAME = AppIcon;
				FRAMEWORK_SEARCH_PATHS = (
					"$(inherited)",
					"$(PROJECT_DIR)/testBle",
				);
				INFOPLIST_FILE = testBle/Info.plist;
				LD_RUNPATH_SEARCH_PATHS = "$(inherited) @executable_path/Frameworks";
				PRODUCT_BUNDLE_IDENTIFIER = com.bugong.testBle;
				PRODUCT_NAME = "$(TARGET_NAME)";
			};
			name = Debug;
		};
		D3EE66481C999164003671D4 /* Release */ = {
			isa = XCBuildConfiguration;
			buildSettings = {
				ASSETCATALOG_COMPILER_APPICON_NAME = AppIcon;
				FRAMEWORK_SEARCH_PATHS = (
					"$(inherited)",
					"$(PROJECT_DIR)/testBle",
				);
				INFOPLIST_FILE = testBle/Info.plist;
				LD_RUNPATH_SEARCH_PATHS = "$(inherited) @executable_path/Frameworks";
				PRODUCT_BUNDLE_IDENTIFIER = com.bugong.testBle;
				PRODUCT_NAME = "$(TARGET_NAME)";
			};
			name = Release;
		};
/* End XCBuildConfiguration section */

/* Begin XCConfigurationList section */
		D3EE662A1C999164003671D4 /* Build configuration list for PBXProject "PrivateTest" */ = {
			isa = XCConfigurationList;
			buildConfigurations = (
				D3EE66441C999164003671D4 /* Debug */,
				D3EE66451C999164003671D4 /* Release */,
			);
			defaultConfigurationIsVisible = 0;
			defaultConfigurationName = Release;
		};
		D3EE66461C999164003671D4 /* Build configuration list for PBXNativeTarget "PrivateTest" */ = {
			isa = XCConfigurationList;
			buildConfigurations = (
				D3EE66471C999164003671D4 /* Debug */,
				D3EE66481C999164003671D4 /* Release */,
			);
			defaultConfigurationIsVisible = 0;
			defaultConfigurationName = Release;
		};
/* End XCConfigurationList section */
	};
	rootObject = D3EE66271C999164003671D4 /* Project object */;
}
